
Microsoft Visual Studio Solution File, Format Version 12.00
# Visual Studio Version 16
VisualStudioVersion = 16.0.31129.286
MinimumVisualStudioVersion = 10.0.40219.1
Project("{9A19103F-16F7-4668-BE54-9A1E7A4F7556}") = "dynamicworkflows", "dynamicworkflows\dynamicworkflows.csproj", "{08D45480-8A18-474B-AF74-2A0538DC56AC}"
EndProject
Global
	GlobalSection(SolutionConfigurationPlatforms) = preSolution
		Debug|Any CPU = Debug|Any CPU
		Release|Any CPU = Release|Any CPU
	EndGlobalSection
	GlobalSection(ProjectConfigurationPlatforms) = postSolution
		{08D45480-8A18-474B-AF74-2A0538DC56AC}.Debug|Any CPU.ActiveCfg = Debug|Any CPU
		{08D45480-8A18-474B-AF74-2A0538DC56AC}.Debug|Any CPU.Build.0 = Debug|Any CPU
		{08D45480-8A18-474B-AF74-2A0538DC56AC}.Release|Any CPU.ActiveCfg = Release|Any CPU
		{08D45480-8A18-474B-AF74-2A0538DC56AC}.Release|Any CPU.Build.0 = Release|Any CPU
	EndGlobalSection
	GlobalSection(SolutionProperties) = preSolution
		HideSolutionNode = FALSE
	EndGlobalSection
	GlobalSection(ExtensibilityGlobals) = postSolution
		SolutionGuid = {9A75E389-78D6-473B-9DA3-F1A9E04ACE65}
	EndGlobalSection
EndGlobal
